{
  "name": "Drum editor app",
  "lockfileVersion": 3,
  "requires": true,
  "packages": {
    "": {
      "dependencies": {
        "abc2svg": "^1.22.1",
        "jsmidgen": "^0.1.8",
        "midi.js": "^0.3.1"
      }
    },
    "node_modules/abc2svg": {
      "version": "1.22.1",
      "resolved": "https://registry.npmjs.org/abc2svg/-/abc2svg-1.22.1.tgz",
      "integrity": "sha512-Ec2GAjd1gUFJiSCFapMYD9ZcTuhGEeslsIOW53z9P09B3OMz2FqldoPebOLYd3aUlQyVll/oDbtw3ZX8WbjLrg==",
      "deprecated": "Package no longer supported. Contact Support at https://www.npmjs.com/support for more info.",
      "license": "LGPL-3.0",
      "bin": {
        "abc2odt": "abc2odt",
        "abc2svg": "abc2svg",
        "abcjsc": "abcjsc",
        "abcmjs": "abcmjs",
        "abcnode": "abcnode",
        "abcqjs": "abcqjs",
        "abctopdf": "abctopdf"
      }
    },
    "node_modules/jsmidgen": {
      "version": "0.1.8",
      "resolved": "https://registry.npmjs.org/jsmidgen/-/jsmidgen-0.1.8.tgz",
      "integrity": "sha512-ftv8u96bnZvgsJE1/z0kV2BJrYNUofgZKztvpGxPpkocwB3+Yo/w2eHtwiTyb+U4cLTeaI9GUX4mAS6XWEl7IA==",
      "license": "MIT"
    },
    "node_modules/midi.js": {
      "version": "0.3.1",
      "resolved": "https://registry.npmjs.org/midi.js/-/midi.js-0.3.1.tgz",
      "integrity": "sha512-+TDze2q1z2o8fV6FdKNBxNvUr1qqmX+Iu6WA7KaNsY7ldRtmzvB5h27b5h+sLVJWnuyZ3CfDMTOOCJsYzUMiHg==",
      "license": "MIT"
    }
  }
}
